
Microsoft Visual Studio Solution File, Format Version 12.00
# Visual Studio 15
VisualStudioVersion = 15.0.27004.2002
MinimumVisualStudioVersion = 10.0.40219.1
Project("{FAE04EC0-301F-11D3-BF4B-00C04F79EFBC}") = "CloudLinking.WebApi", "CloudLinking.WebApi\CloudLinking.WebApi.csproj", "{E0ED3E57-F089-4F0A-BF9D-4B4500C08764}"
EndProject
Project("{FAE04EC0-301F-11D3-BF4B-00C04F79EFBC}") = "CloudLinking.Entity", "CloudLinking.Entity\CloudLinking.Entity.csproj", "{81E12C3C-5E25-4391-BF93-E8AA06959C69}"
EndProject
Project("{FAE04EC0-301F-11D3-BF4B-00C04F79EFBC}") = "CloudLinking.Wx", "CloudLinking.Wx\CloudLinking.Wx.csproj", "{808FFB7E-AD49-4287-A3FC-9C0AFAFADE1D}"
EndProject
Project("{FAE04EC0-301F-11D3-BF4B-00C04F79EFBC}") = "CloudLinking.Utility", "CloudLinking.Utility\CloudLinking.Utility.csproj", "{7EEA9CE9-9637-4572-A1BC-23AB422EB7C1}"
EndProject
Global
	GlobalSection(SolutionConfigurationPlatforms) = preSolution
		Debug|Any CPU = Debug|Any CPU
		Release|Any CPU = Release|Any CPU
	EndGlobalSection
	GlobalSection(ProjectConfigurationPlatforms) = postSolution
		{E0ED3E57-F089-4F0A-BF9D-4B4500C08764}.Debug|Any CPU.ActiveCfg = Debug|Any CPU
		{E0ED3E57-F089-4F0A-BF9D-4B4500C08764}.Debug|Any CPU.Build.0 = Debug|Any CPU
		{E0ED3E57-F089-4F0A-BF9D-4B4500C08764}.Release|Any CPU.ActiveCfg = Release|Any CPU
		{E0ED3E57-F089-4F0A-BF9D-4B4500C08764}.Release|Any CPU.Build.0 = Release|Any CPU
		{81E12C3C-5E25-4391-BF93-E8AA06959C69}.Debug|Any CPU.ActiveCfg = Debug|Any CPU
		{81E12C3C-5E25-4391-BF93-E8AA06959C69}.Debug|Any CPU.Build.0 = Debug|Any CPU
		{81E12C3C-5E25-4391-BF93-E8AA06959C69}.Release|Any CPU.ActiveCfg = Release|Any CPU
		{81E12C3C-5E25-4391-BF93-E8AA06959C69}.Release|Any CPU.Build.0 = Release|Any CPU
		{808FFB7E-AD49-4287-A3FC-9C0AFAFADE1D}.Debug|Any CPU.ActiveCfg = Debug|Any CPU
		{808FFB7E-AD49-4287-A3FC-9C0AFAFADE1D}.Debug|Any CPU.Build.0 = Debug|Any CPU
		{808FFB7E-AD49-4287-A3FC-9C0AFAFADE1D}.Release|Any CPU.ActiveCfg = Release|Any CPU
		{808FFB7E-AD49-4287-A3FC-9C0AFAFADE1D}.Release|Any CPU.Build.0 = Release|Any CPU
		{7EEA9CE9-9637-4572-A1BC-23AB422EB7C1}.Debug|Any CPU.ActiveCfg = Debug|Any CPU
		{7EEA9CE9-9637-4572-A1BC-23AB422EB7C1}.Debug|Any CPU.Build.0 = Debug|Any CPU
		{7EEA9CE9-9637-4572-A1BC-23AB422EB7C1}.Release|Any CPU.ActiveCfg = Release|Any CPU
		{7EEA9CE9-9637-4572-A1BC-23AB422EB7C1}.Release|Any CPU.Build.0 = Release|Any CPU
	EndGlobalSection
	GlobalSection(SolutionProperties) = preSolution
		HideSolutionNode = FALSE
	EndGlobalSection
	GlobalSection(ExtensibilityGlobals) = postSolution
		SolutionGuid = {14065A32-200F-45E6-9C4F-B0DA5FE7D196}
	EndGlobalSection
EndGlobal
